{
  "_meta": {
    "file-type": "spack-lockfile",
    "lockfile-version": 3,
    "specfile-version": 2
  },
  "roots": [
    {
      "hash": "h525sixq27zbtmqm5zuh6kcxer224azs",
      "spec": "enzo"
    }
  ],
  "concrete_specs": {
    "h525sixq27zbtmqm5zuh6kcxer224azs": {
      "name": "enzo",
      "version": "2.6.1",
      "arch": {
        "platform": "linux",
        "platform_os": "rhel7",
        "target": {
          "name": "sandybridge",
          "vendor": "GenuineIntel",
          "features": [
            "aes",
            "avx",
            "mmx",
            "pclmulqdq",
            "popcnt",
            "sse",
            "sse2",
            "sse4_1",
            "sse4_2",
            "ssse3"
          ],
          "generation": 0,
          "parents": [
            "westmere"
          ]
        }
      },
      "compiler": {
        "name": "gcc",
        "version": "4.8.5"
      },
      "namespace": "builtin",
      "parameters": {
        "opt": "high",
        "patches": [
          "f6db2fef04d3ffe4f05ef589d0593b2ab7ab6d63088abf9b76c7bacf835625c0"
        ],
        "cflags": [],
        "cppflags": [],
        "cxxflags": [],
        "fflags": [],
        "ldflags": [],
        "ldlibs": []
      },
      "patches": [
        "f6db2fef04d3ffe4f05ef589d0593b2ab7ab6d63088abf9b76c7bacf835625c0"
      ],
      "dependencies": [
        {
          "name": "hdf5",
          "build_hash": "5xkehzegypbxzw7hmi226aw2f4pkvvrd",
          "type": [
            "build",
            "link"
          ]
        },
        {
          "name": "openmpi",
          "build_hash": "ayxgh2klk7m4xsl4zgrhw7hazivne5jm",
          "type": [
            "build",
            "link"
          ]
        }
      ],
      "hash": "dbv6evxxo545vvbr3q6gvxqzdlxmchpc"
    },
    "5xkehzegypbxzw7hmi226aw2f4pkvvrd": {
      "name": "hdf5",
      "version": "1.12.1",
      "arch": {
        "platform": "linux",
        "platform_os": "rhel7",
        "target": {
          "name": "sandybridge",
          "vendor": "GenuineIntel",
          "features": [
            "aes",
            "avx",
            "mmx",
            "pclmulqdq",
            "popcnt",
            "sse",
            "sse2",
            "sse4_1",
            "sse4_2",
            "ssse3"
          ],
          "generation": 0,
          "parents": [
            "westmere"
          ]
        }
      },
      "compiler": {
        "name": "gcc",
        "version": "4.8.5"
      },
      "namespace": "builtin",
      "parameters": {
        "api": "default",
        "build_type": "RelWithDebInfo",
        "cxx": false,
        "fortran": false,
        "hl": false,
        "ipo": false,
        "java": false,
        "mpi": false,
        "patches": [
          "ee351eb7dfcb8c857e2d85ef1ab95b61ae59cbd647560e10378fa916043a97f9"
        ],
        "shared": true,
        "szip": false,
        "threadsafe": false,
        "tools": true,
        "cflags": [],
        "cppflags": [],
        "cxxflags": [],
        "fflags": [],
        "ldflags": [],
        "ldlibs": []
      },
      "patches": [
        "ee351eb7dfcb8c857e2d85ef1ab95b61ae59cbd647560e10378fa916043a97f9"
      ],
      "dependencies": [
        {
          "name": "cmake",
          "build_hash": "vfknfeigr4xwe2iacjci5hmr6afgj6qz",
          "type": [
            "build"
          ]
        },
        {
          "name": "pkgconf",
          "build_hash": "7kmkypfjqaorpzuf2p2mivjuebg6hyij",
          "type": [
            "run"
          ]
        },
        {
          "name": "zlib",
          "build_hash": "msuii4kp4e46g7lh5dr74czppjsvk2re",
          "type": [
            "build",
            "link"
          ]
        }
      ],
      "hash": "mfplcionrvzeiybr6jsmhtsuvsnyds5y"
    },
    "vfknfeigr4xwe2iacjci5hmr6afgj6qz": {
      "name": "cmake",
      "version": "3.23.0",
      "arch": {
        "platform": "linux",
        "platform_os": "rhel7",
        "target": {
          "name": "sandybridge",
          "vendor": "GenuineIntel",
          "features": [
            "aes",
            "avx",
            "mmx",
            "pclmulqdq",
            "popcnt",
            "sse",
            "sse2",
            "sse4_1",
            "sse4_2",
            "ssse3"
          ],
          "generation": 0,
          "parents": [
            "westmere"
          ]
        }
      },
      "compiler": {
        "name": "gcc",
        "version": "4.8.5"
      },
      "namespace": "builtin",
      "parameters": {
        "build_type": "Release",
        "doc": false,
        "ncurses": true,
        "ownlibs": true,
        "qt": false,
        "cflags": [],
        "cppflags": [],
        "cxxflags": [],
        "fflags": [],
        "ldflags": [],
        "ldlibs": []
      },
      "dependencies": [
        {
          "name": "ncurses",
          "build_hash": "6dre2izxjhw72sr4b5g5azmnqeduc4rg",
          "type": [
            "build",
            "link"
          ]
        },
        {
          "name": "openssl",
          "build_hash": "bsgtjtziiovme5jdm73j7kg2lr5t25h2",
          "type": [
            "build",
            "link"
          ]
        }
      ],
      "hash": "zvt4n7giks5oomn3kk43rpdu6qqxx5es"
    },
    "6dre2izxjhw72sr4b5g5azmnqeduc4rg": {
      "name": "ncurses",
      "version": "6.2",
      "arch": {
        "platform": "linux",
        "platform_os": "rhel7",
        "target": {
          "name": "sandybridge",
          "vendor": "GenuineIntel",
          "features": [
            "aes",
            "avx",
            "mmx",
            "pclmulqdq",
            "popcnt",
            "sse",
            "sse2",
            "sse4_1",
            "sse4_2",
            "ssse3"
          ],
          "generation": 0,
          "parents": [
            "westmere"
          ]
        }
      },
      "compiler": {
        "name": "gcc",
        "version": "4.8.5"
      },
      "namespace": "builtin",
      "parameters": {
        "abi": "none",
        "symlinks": false,
        "termlib": true,
        "cflags": [],
        "cppflags": [],
        "cxxflags": [],
        "fflags": [],
        "ldflags": [],
        "ldlibs": []
      },
      "dependencies": [
        {
          "name": "pkgconf",
          "build_hash": "7kmkypfjqaorpzuf2p2mivjuebg6hyij",
          "type": [
            "build"
          ]
        }
      ],
      "hash": "d7foh77mcfcqax3cu4jccznlgwtmhvzc"
    },
    "7kmkypfjqaorpzuf2p2mivjuebg6hyij": {
      "name": "pkgconf",
      "version": "1.8.0",
      "arch": {
        "platform": "linux",
        "platform_os": "rhel7",
        "target": {
          "name": "sandybridge",
          "vendor": "GenuineIntel",
          "features": [
            "aes",
            "avx",
            "mmx",
            "pclmulqdq",
            "popcnt",
            "sse",
            "sse2",
            "sse4_1",
            "sse4_2",
            "ssse3"
          ],
          "generation": 0,
          "parents": [
            "westmere"
          ]
        }
      },
      "compiler": {
        "name": "gcc",
        "version": "4.8.5"
      },
      "namespace": "builtin",
      "parameters": {
        "cflags": [],
        "cppflags": [],
        "cxxflags": [],
        "fflags": [],
        "ldflags": [],
        "ldlibs": []
      },
      "hash": "7kmkypfjqaorpzuf2p2mivjuebg6hyij"
    },
    "bsgtjtziiovme5jdm73j7kg2lr5t25h2": {
      "name": "openssl",
      "version": "1.1.1n",
      "arch": {
        "platform": "linux",
        "platform_os": "rhel7",
        "target": {
          "name": "sandybridge",
          "vendor": "GenuineIntel",
          "features": [
            "aes",
            "avx",
            "mmx",
            "pclmulqdq",
            "popcnt",
            "sse",
            "sse2",
            "sse4_1",
            "sse4_2",
            "ssse3"
          ],
          "generation": 0,
          "parents": [
            "westmere"
          ]
        }
      },
      "compiler": {
        "name": "gcc",
        "version": "4.8.5"
      },
      "namespace": "builtin",
      "parameters": {
        "certs": "system",
        "docs": false,
        "shared": false,
        "cflags": [],
        "cppflags": [],
        "cxxflags": [],
        "fflags": [],
        "ldflags": [],
        "ldlibs": []
      },
      "dependencies": [
        {
          "name": "perl",
          "build_hash": "hrruzg27rz44p5mj7buoejo7vsdpgqeh",
          "type": [
            "build"
          ]
        },
        {
          "name": "zlib",
          "build_hash": "msuii4kp4e46g7lh5dr74czppjsvk2re",
          "type": [
            "build",
            "link"
          ]
        }
      ],
      "hash": "hwcooagjm5otgokd6wd6pzxxab74dmep"
    },
    "hrruzg27rz44p5mj7buoejo7vsdpgqeh": {
      "name": "perl",
      "version": "5.34.1",
      "arch": {
        "platform": "linux",
        "platform_os": "rhel7",
        "target": {
          "name": "sandybridge",
          "vendor": "GenuineIntel",
          "features": [
            "aes",
            "avx",
            "mmx",
            "pclmulqdq",
            "popcnt",
            "sse",
            "sse2",
            "sse4_1",
            "sse4_2",
            "ssse3"
          ],
          "generation": 0,
          "parents": [
            "westmere"
          ]
        }
      },
      "compiler": {
        "name": "gcc",
        "version": "4.8.5"
      },
      "namespace": "builtin",
      "parameters": {
        "cpanm": true,
        "shared": true,
        "threads": true,
        "cflags": [],
        "cppflags": [],
        "cxxflags": [],
        "fflags": [],
        "ldflags": [],
        "ldlibs": []
      },
      "dependencies": [
        {
          "name": "berkeley-db",
          "build_hash": "fyry4g6hq3nkqcsz6dlh3u5mmyju55wx",
          "type": [
            "build",
            "link"
          ]
        },
        {
          "name": "bzip2",
          "build_hash": "5uvyr5jrvbm22rq63toplrt4sj2acbe6",
          "type": [
            "build",
            "link"
          ]
        },
        {
          "name": "gdbm",
          "build_hash": "6weu5nnqdiya5imkvc7vo7mkf3mesc2c",
          "type": [
            "build",
            "link"
          ]
        },
        {
          "name": "zlib",
          "build_hash": "msuii4kp4e46g7lh5dr74czppjsvk2re",
          "type": [
            "build",
            "link"
          ]
        }
      ],
      "hash": "bp4i65ba2r6tblhekbdotpvpr3oxlrgo"
    },
    "fyry4g6hq3nkqcsz6dlh3u5mmyju55wx": {
      "name": "berkeley-db",
      "version": "18.1.40",
      "arch": {
        "platform": "linux",
        "platform_os": "rhel7",
        "target": {
          "name": "sandybridge",
          "vendor": "GenuineIntel",
          "features": [
            "aes",
            "avx",
            "mmx",
            "pclmulqdq",
            "popcnt",
            "sse",
            "sse2",
            "sse4_1",
            "sse4_2",
            "ssse3"
          ],
          "generation": 0,
          "parents": [
            "westmere"
          ]
        }
      },
      "compiler": {
        "name": "gcc",
        "version": "4.8.5"
      },
      "namespace": "builtin",
      "parameters": {
        "cxx": true,
        "docs": false,
        "patches": [
          "b231fcc4d5cff05e5c3a4814f6a5af0e9a966428dc2176540d2c05aff41de522"
        ],
        "stl": true,
        "cflags": [],
        "cppflags": [],
        "cxxflags": [],
        "fflags": [],
        "ldflags": [],
        "ldlibs": []
      },
      "patches": [
        "b231fcc4d5cff05e5c3a4814f6a5af0e9a966428dc2176540d2c05aff41de522"
      ],
      "hash": "fyry4g6hq3nkqcsz6dlh3u5mmyju55wx"
    },
    "5uvyr5jrvbm22rq63toplrt4sj2acbe6": {
      "name": "bzip2",
      "version": "1.0.8",
      "arch": {
        "platform": "linux",
        "platform_os": "rhel7",
        "target": {
          "name": "sandybridge",
          "vendor": "GenuineIntel",
          "features": [
            "aes",
            "avx",
            "mmx",
            "pclmulqdq",
            "popcnt",
            "sse",
            "sse2",
            "sse4_1",
            "sse4_2",
            "ssse3"
          ],
          "generation": 0,
          "parents": [
            "westmere"
          ]
        }
      },
      "compiler": {
        "name": "gcc",
        "version": "4.8.5"
      },
      "namespace": "builtin",
      "parameters": {
        "debug": false,
        "pic": false,
        "shared": true,
        "cflags": [],
        "cppflags": [],
        "cxxflags": [],
        "fflags": [],
        "ldflags": [],
        "ldlibs": []
      },
      "dependencies": [
        {
          "name": "diffutils",
          "build_hash": "73ubhaz642s5v3g3alkpn2jpiwlkkfke",
          "type": [
            "build"
          ]
        }
      ],
      "hash": "owdgloujfknipzijl2xtvoqsvjmxt4gd"
    },
    "73ubhaz642s5v3g3alkpn2jpiwlkkfke": {
      "name": "diffutils",
      "version": "3.8",
      "arch": {
        "platform": "linux",
        "platform_os": "rhel7",
        "target": {
          "name": "sandybridge",
          "vendor": "GenuineIntel",
          "features": [
            "aes",
            "avx",
            "mmx",
            "pclmulqdq",
            "popcnt",
            "sse",
            "sse2",
            "sse4_1",
            "sse4_2",
            "ssse3"
          ],
          "generation": 0,
          "parents": [
            "westmere"
          ]
        }
      },
      "compiler": {
        "name": "gcc",
        "version": "4.8.5"
      },
      "namespace": "builtin",
      "parameters": {
        "cflags": [],
        "cppflags": [],
        "cxxflags": [],
        "fflags": [],
        "ldflags": [],
        "ldlibs": []
      },
      "dependencies": [
        {
          "name": "libiconv",
          "build_hash": "4qqf5pqpbxwnlt3owfm6pj6fb3sn37sq",
          "type": [
            "build",
            "link"
          ]
        }
      ],
      "hash": "wj3acfud7326ub447f4kjq2upmllofy6"
    },
    "4qqf5pqpbxwnlt3owfm6pj6fb3sn37sq": {
      "name": "libiconv",
      "version": "1.16",
      "arch": {
        "platform": "linux",
        "platform_os": "rhel7",
        "target": {
          "name": "sandybridge",
          "vendor": "GenuineIntel",
          "features": [
            "aes",
            "avx",
            "mmx",
            "pclmulqdq",
            "popcnt",
            "sse",
            "sse2",
            "sse4_1",
            "sse4_2",
            "ssse3"
          ],
          "generation": 0,
          "parents": [
            "westmere"
          ]
        }
      },
      "compiler": {
        "name": "gcc",
        "version": "4.8.5"
      },
      "namespace": "builtin",
      "parameters": {
        "libs": [
          "shared",
          "static"
        ],
        "cflags": [],
        "cppflags": [],
        "cxxflags": [],
        "fflags": [],
        "ldflags": [],
        "ldlibs": []
      },
      "hash": "4qqf5pqpbxwnlt3owfm6pj6fb3sn37sq"
    },
    "6weu5nnqdiya5imkvc7vo7mkf3mesc2c": {
      "name": "gdbm",
      "version": "1.19",
      "arch": {
        "platform": "linux",
        "platform_os": "rhel7",
        "target": {
          "name": "sandybridge",
          "vendor": "GenuineIntel",
          "features": [
            "aes",
            "avx",
            "mmx",
            "pclmulqdq",
            "popcnt",
            "sse",
            "sse2",
            "sse4_1",
            "sse4_2",
            "ssse3"
          ],
          "generation": 0,
          "parents": [
            "westmere"
          ]
        }
      },
      "compiler": {
        "name": "gcc",
        "version": "4.8.5"
      },
      "namespace": "builtin",
      "parameters": {
        "cflags": [],
        "cppflags": [],
        "cxxflags": [],
        "fflags": [],
        "ldflags": [],
        "ldlibs": []
      },
      "dependencies": [
        {
          "name": "readline",
          "build_hash": "3bxzmd5suaba52vyu5quqw4qhihwcbcc",
          "type": [
            "build",
            "link"
          ]
        }
      ],
      "hash": "sxfep2mtglsl2nhcxui374xl57fjnrwg"
    },
    "3bxzmd5suaba52vyu5quqw4qhihwcbcc": {
      "name": "readline",
      "version": "8.1",
      "arch": {
        "platform": "linux",
        "platform_os": "rhel7",
        "target": {
          "name": "sandybridge",
          "vendor": "GenuineIntel",
          "features": [
            "aes",
            "avx",
            "mmx",
            "pclmulqdq",
            "popcnt",
            "sse",
            "sse2",
            "sse4_1",
            "sse4_2",
            "ssse3"
          ],
          "generation": 0,
          "parents": [
            "westmere"
          ]
        }
      },
      "compiler": {
        "name": "gcc",
        "version": "4.8.5"
      },
      "namespace": "builtin",
      "parameters": {
        "cflags": [],
        "cppflags": [],
        "cxxflags": [],
        "fflags": [],
        "ldflags": [],
        "ldlibs": []
      },
      "dependencies": [
        {
          "name": "ncurses",
          "build_hash": "6dre2izxjhw72sr4b5g5azmnqeduc4rg",
          "type": [
            "build",
            "link"
          ]
        }
      ],
      "hash": "kyg6pdhggjwcef2rzz57rsjl7lfhqkxq"
    },
    "msuii4kp4e46g7lh5dr74czppjsvk2re": {
      "name": "zlib",
      "version": "1.2.12",
      "arch": {
        "platform": "linux",
        "platform_os": "rhel7",
        "target": {
          "name": "sandybridge",
          "vendor": "GenuineIntel",
          "features": [
            "aes",
            "avx",
            "mmx",
            "pclmulqdq",
            "popcnt",
            "sse",
            "sse2",
            "sse4_1",
            "sse4_2",
            "ssse3"
          ],
          "generation": 0,
          "parents": [
            "westmere"
          ]
        }
      },
      "compiler": {
        "name": "gcc",
        "version": "4.8.5"
      },
      "namespace": "builtin",
      "parameters": {
        "optimize": true,
        "patches": [
          "0d38234384870bfd34dfcb738a9083952656f0c766a0f5990b1893076b084b76"
        ],
        "pic": true,
        "shared": true,
        "cflags": [],
        "cppflags": [],
        "cxxflags": [],
        "fflags": [],
        "ldflags": [],
        "ldlibs": []
      },
      "patches": [
        "0d38234384870bfd34dfcb738a9083952656f0c766a0f5990b1893076b084b76"
      ],
      "hash": "msuii4kp4e46g7lh5dr74czppjsvk2re"
    },
    "ayxgh2klk7m4xsl4zgrhw7hazivne5jm": {
      "name": "openmpi",
      "version": "4.1.3",
      "arch": {
        "platform": "linux",
        "platform_os": "rhel7",
        "target": {
          "name": "sandybridge",
          "vendor": "GenuineIntel",
          "features": [
            "aes",
            "avx",
            "mmx",
            "pclmulqdq",
            "popcnt",
            "sse",
            "sse2",
            "sse4_1",
            "sse4_2",
            "ssse3"
          ],
          "generation": 0,
          "parents": [
            "westmere"
          ]
        }
      },
      "compiler": {
        "name": "gcc",
        "version": "4.8.5"
      },
      "namespace": "builtin",
      "parameters": {
        "atomics": false,
        "cuda": false,
        "cxx": false,
        "cxx_exceptions": false,
        "fabrics": [
          "none"
        ],
        "gpfs": false,
        "internal-hwloc": false,
        "java": false,
        "legacylaunchers": false,
        "lustre": false,
        "memchecker": false,
        "pmi": false,
        "pmix": false,
        "romio": true,
        "schedulers": [
          "none"
        ],
        "singularity": false,
        "sqlite3": false,
        "static": true,
        "thread_multiple": false,
        "vt": true,
        "wrapper-rpath": true,
        "cflags": [],
        "cppflags": [],
        "cxxflags": [],
        "fflags": [],
        "ldflags": [],
        "ldlibs": []
      },
      "dependencies": [
        {
          "name": "hwloc",
          "build_hash": "7zhxc34piyd6v7so6qyswzcypfcbkxal",
          "type": [
            "build",
            "link"
          ]
        },
        {
          "name": "libevent",
          "build_hash": "h3mirikbyziqvmeg3jmddpjanknrgsbf",
          "type": [
            "build",
            "link"
          ]
        },
        {
          "name": "numactl",
          "build_hash": "tjjalhmgfg7hjckqbagueo2jwdssuk35",
          "type": [
            "build",
            "link"
          ]
        },
        {
          "name": "openssh",
          "build_hash": "qhroxqxxsq5jwre6il55ronvrdsmldya",
          "type": [
            "run"
          ]
        },
        {
          "name": "perl",
          "build_hash": "hrruzg27rz44p5mj7buoejo7vsdpgqeh",
          "type": [
            "build"
          ]
        },
        {
          "name": "pkgconf",
          "build_hash": "7kmkypfjqaorpzuf2p2mivjuebg6hyij",
          "type": [
            "build"
          ]
        },
        {
          "name": "zlib",
          "build_hash": "msuii4kp4e46g7lh5dr74czppjsvk2re",
          "type": [
            "build",
            "link"
          ]
        }
      ],
      "hash": "zts7txyxj7jfjguwvwgvbqfncj2jhfxt"
    },
    "7zhxc34piyd6v7so6qyswzcypfcbkxal": {
      "name": "hwloc",
      "version": "2.7.1",
      "arch": {
        "platform": "linux",
        "platform_os": "rhel7",
        "target": {
          "name": "sandybridge",
          "vendor": "GenuineIntel",
          "features": [
            "aes",
            "avx",
            "mmx",
            "pclmulqdq",
            "popcnt",
            "sse",
            "sse2",
            "sse4_1",
            "sse4_2",
            "ssse3"
          ],
          "generation": 0,
          "parents": [
            "westmere"
          ]
        }
      },
      "compiler": {
        "name": "gcc",
        "version": "4.8.5"
      },
      "namespace": "builtin",
      "parameters": {
        "cairo": false,
        "cuda": false,
        "gl": false,
        "libudev": false,
        "libxml2": true,
        "netloc": false,
        "nvml": false,
        "opencl": false,
        "pci": true,
        "rocm": false,
        "shared": true,
        "cflags": [],
        "cppflags": [],
        "cxxflags": [],
        "fflags": [],
        "ldflags": [],
        "ldlibs": []
      },
      "dependencies": [
        {
          "name": "libpciaccess",
          "build_hash": "mvo6gtrkiyhmmw5u6jhei6vevpy2spn2",
          "type": [
            "build",
            "link"
          ]
        },
        {
          "name": "libxml2",
          "build_hash": "ifgmqdpb76bk2vqdtsdinvmus7zwotmb",
          "type": [
            "build",
            "link"
          ]
        },
        {
          "name": "ncurses",
          "build_hash": "6dre2izxjhw72sr4b5g5azmnqeduc4rg",
          "type": [
            "build",
            "link"
          ]
        },
        {
          "name": "pkgconf",
          "build_hash": "7kmkypfjqaorpzuf2p2mivjuebg6hyij",
          "type": [
            "build"
          ]
        }
      ],
      "hash": "vets46di4ajsmnvrqkn27ay5cpceuc3b"
    },
    "mvo6gtrkiyhmmw5u6jhei6vevpy2spn2": {
      "name": "libpciaccess",
      "version": "0.16",
      "arch": {
        "platform": "linux",
        "platform_os": "rhel7",
        "target": {
          "name": "sandybridge",
          "vendor": "GenuineIntel",
          "features": [
            "aes",
            "avx",
            "mmx",
            "pclmulqdq",
            "popcnt",
            "sse",
            "sse2",
            "sse4_1",
            "sse4_2",
            "ssse3"
          ],
          "generation": 0,
          "parents": [
            "westmere"
          ]
        }
      },
      "compiler": {
        "name": "gcc",
        "version": "4.8.5"
      },
      "namespace": "builtin",
      "parameters": {
        "cflags": [],
        "cppflags": [],
        "cxxflags": [],
        "fflags": [],
        "ldflags": [],
        "ldlibs": []
      },
      "dependencies": [
        {
          "name": "libtool",
          "build_hash": "jl3buwmug3g2zw6hym5iayvv5m5u4ehi",
          "type": [
            "build"
          ]
        },
        {
          "name": "pkgconf",
          "build_hash": "7kmkypfjqaorpzuf2p2mivjuebg6hyij",
          "type": [
            "build"
          ]
        },
        {
          "name": "util-macros",
          "build_hash": "ro6wo3ojwa37l7mwccqqiycjmj4xzvhh",
          "type": [
            "build"
          ]
        }
      ],
      "hash": "s72v3hgedczken3dgrvxfa5e54qccyes"
    },
    "jl3buwmug3g2zw6hym5iayvv5m5u4ehi": {
      "name": "libtool",
      "version": "2.4.7",
      "arch": {
        "platform": "linux",
        "platform_os": "rhel7",
        "target": {
          "name": "sandybridge",
          "vendor": "GenuineIntel",
          "features": [
            "aes",
            "avx",
            "mmx",
            "pclmulqdq",
            "popcnt",
            "sse",
            "sse2",
            "sse4_1",
            "sse4_2",
            "ssse3"
          ],
          "generation": 0,
          "parents": [
            "westmere"
          ]
        }
      },
      "compiler": {
        "name": "gcc",
        "version": "4.8.5"
      },
      "namespace": "builtin",
      "parameters": {
        "cflags": [],
        "cppflags": [],
        "cxxflags": [],
        "fflags": [],
        "ldflags": [],
        "ldlibs": []
      },
      "dependencies": [
        {
          "name": "m4",
          "build_hash": "m6lvx5rad7lijsy6w44g26bwilqkbr3o",
          "type": [
            "build"
          ]
        }
      ],
      "hash": "3ziikukozzdudfi7kyfztjflvulr4kzt"
    },
    "m6lvx5rad7lijsy6w44g26bwilqkbr3o": {
      "name": "m4",
      "version": "1.4.19",
      "arch": {
        "platform": "linux",
        "platform_os": "rhel7",
        "target": {
          "name": "sandybridge",
          "vendor": "GenuineIntel",
          "features": [
            "aes",
            "avx",
            "mmx",
            "pclmulqdq",
            "popcnt",
            "sse",
            "sse2",
            "sse4_1",
            "sse4_2",
            "ssse3"
          ],
          "generation": 0,
          "parents": [
            "westmere"
          ]
        }
      },
      "compiler": {
        "name": "gcc",
        "version": "4.8.5"
      },
      "namespace": "builtin",
      "parameters": {
        "patches": [
          "9dc5fbd0d5cb1037ab1e6d0ecc74a30df218d0a94bdd5a02759a97f62daca573",
          "bfdffa7c2eb01021d5849b36972c069693654ad826c1a20b53534009a4ec7a89"
        ],
        "sigsegv": true,
        "cflags": [],
        "cppflags": [],
        "cxxflags": [],
        "fflags": [],
        "ldflags": [],
        "ldlibs": []
      },
      "patches": [
        "bfdffa7c2eb01021d5849b36972c069693654ad826c1a20b53534009a4ec7a89",
        "9dc5fbd0d5cb1037ab1e6d0ecc74a30df218d0a94bdd5a02759a97f62daca573"
      ],
      "dependencies": [
        {
          "name": "libsigsegv",
          "build_hash": "eubl3byvo5rsrin7ldhni467776ndtxb",
          "type": [
            "build",
            "link"
          ]
        }
      ],
      "hash": "ai73xqd33mj4vyzf27kk7pya3atlgqot"
    },
    "eubl3byvo5rsrin7ldhni467776ndtxb": {
      "name": "libsigsegv",
      "version": "2.13",
      "arch": {
        "platform": "linux",
        "platform_os": "rhel7",
        "target": {
          "name": "sandybridge",
          "vendor": "GenuineIntel",
          "features": [
            "aes",
            "avx",
            "mmx",
            "pclmulqdq",
            "popcnt",
            "sse",
            "sse2",
            "sse4_1",
            "sse4_2",
            "ssse3"
          ],
          "generation": 0,
          "parents": [
            "westmere"
          ]
        }
      },
      "compiler": {
        "name": "gcc",
        "version": "4.8.5"
      },
      "namespace": "builtin",
      "parameters": {
        "cflags": [],
        "cppflags": [],
        "cxxflags": [],
        "fflags": [],
        "ldflags": [],
        "ldlibs": []
      },
      "hash": "eubl3byvo5rsrin7ldhni467776ndtxb"
    },
    "ro6wo3ojwa37l7mwccqqiycjmj4xzvhh": {
      "name": "util-macros",
      "version": "1.19.3",
      "arch": {
        "platform": "linux",
        "platform_os": "rhel7",
        "target": {
          "name": "sandybridge",
          "vendor": "GenuineIntel",
          "features": [
            "aes",
            "avx",
            "mmx",
            "pclmulqdq",
            "popcnt",
            "sse",
            "sse2",
            "sse4_1",
            "sse4_2",
            "ssse3"
          ],
          "generation": 0,
          "parents": [
            "westmere"
          ]
        }
      },
      "compiler": {
        "name": "gcc",
        "version": "4.8.5"
      },
      "namespace": "builtin",
      "parameters": {
        "cflags": [],
        "cppflags": [],
        "cxxflags": [],
        "fflags": [],
        "ldflags": [],
        "ldlibs": []
      },
      "hash": "ro6wo3ojwa37l7mwccqqiycjmj4xzvhh"
    },
    "ifgmqdpb76bk2vqdtsdinvmus7zwotmb": {
      "name": "libxml2",
      "version": "2.9.12",
      "arch": {
        "platform": "linux",
        "platform_os": "rhel7",
        "target": {
          "name": "sandybridge",
          "vendor": "GenuineIntel",
          "features": [
            "aes",
            "avx",
            "mmx",
            "pclmulqdq",
            "popcnt",
            "sse",
            "sse2",
            "sse4_1",
            "sse4_2",
            "ssse3"
          ],
          "generation": 0,
          "parents": [
            "westmere"
          ]
        }
      },
      "compiler": {
        "name": "gcc",
        "version": "4.8.5"
      },
      "namespace": "builtin",
      "parameters": {
        "python": false,
        "cflags": [],
        "cppflags": [],
        "cxxflags": [],
        "fflags": [],
        "ldflags": [],
        "ldlibs": []
      },
      "dependencies": [
        {
          "name": "libiconv",
          "build_hash": "4qqf5pqpbxwnlt3owfm6pj6fb3sn37sq",
          "type": [
            "build",
            "link"
          ]
        },
        {
          "name": "pkgconf",
          "build_hash": "7kmkypfjqaorpzuf2p2mivjuebg6hyij",
          "type": [
            "build"
          ]
        },
        {
          "name": "xz",
          "build_hash": "go6qry4bqfqaj246a5ck55yf6pkb2ndn",
          "type": [
            "build",
            "link"
          ]
        },
        {
          "name": "zlib",
          "build_hash": "msuii4kp4e46g7lh5dr74czppjsvk2re",
          "type": [
            "build",
            "link"
          ]
        }
      ],
      "hash": "i4llyifcykcr7gejt2wzp4zyb6dvcog7"
    },
    "go6qry4bqfqaj246a5ck55yf6pkb2ndn": {
      "name": "xz",
      "version": "5.2.5",
      "arch": {
        "platform": "linux",
        "platform_os": "rhel7",
        "target": {
          "name": "sandybridge",
          "vendor": "GenuineIntel",
          "features": [
            "aes",
            "avx",
            "mmx",
            "pclmulqdq",
            "popcnt",
            "sse",
            "sse2",
            "sse4_1",
            "sse4_2",
            "ssse3"
          ],
          "generation": 0,
          "parents": [
            "westmere"
          ]
        }
      },
      "compiler": {
        "name": "gcc",
        "version": "4.8.5"
      },
      "namespace": "builtin",
      "parameters": {
        "libs": [
          "shared",
          "static"
        ],
        "pic": false,
        "cflags": [],
        "cppflags": [],
        "cxxflags": [],
        "fflags": [],
        "ldflags": [],
        "ldlibs": []
      },
      "hash": "go6qry4bqfqaj246a5ck55yf6pkb2ndn"
    },
    "h3mirikbyziqvmeg3jmddpjanknrgsbf": {
      "name": "libevent",
      "version": "2.1.12",
      "arch": {
        "platform": "linux",
        "platform_os": "rhel7",
        "target": {
          "name": "sandybridge",
          "vendor": "GenuineIntel",
          "features": [
            "aes",
            "avx",
            "mmx",
            "pclmulqdq",
            "popcnt",
            "sse",
            "sse2",
            "sse4_1",
            "sse4_2",
            "ssse3"
          ],
          "generation": 0,
          "parents": [
            "westmere"
          ]
        }
      },
      "compiler": {
        "name": "gcc",
        "version": "4.8.5"
      },
      "namespace": "builtin",
      "parameters": {
        "openssl": true,
        "cflags": [],
        "cppflags": [],
        "cxxflags": [],
        "fflags": [],
        "ldflags": [],
        "ldlibs": []
      },
      "dependencies": [
        {
          "name": "openssl",
          "build_hash": "bsgtjtziiovme5jdm73j7kg2lr5t25h2",
          "type": [
            "build",
            "link"
          ]
        }
      ],
      "hash": "45aibsnbcr7tohaasiqp6wqw44w66gw6"
    },
    "tjjalhmgfg7hjckqbagueo2jwdssuk35": {
      "name": "numactl",
      "version": "2.0.14",
      "arch": {
        "platform": "linux",
        "platform_os": "rhel7",
        "target": {
          "name": "sandybridge",
          "vendor": "GenuineIntel",
          "features": [
            "aes",
            "avx",
            "mmx",
            "pclmulqdq",
            "popcnt",
            "sse",
            "sse2",
            "sse4_1",
            "sse4_2",
            "ssse3"
          ],
          "generation": 0,
          "parents": [
            "westmere"
          ]
        }
      },
      "compiler": {
        "name": "gcc",
        "version": "4.8.5"
      },
      "namespace": "builtin",
      "parameters": {
        "patches": [
          "4e1d78cbbb85de625bad28705e748856033eaafab92a66dffd383a3d7e00cc94",
          "62fc8a8bf7665a60e8f4c93ebbd535647cebf74198f7afafec4c085a8825c006",
          "ff37630df599cfabf0740518b91ec8daaf18e8f288b19adaae5364dc1f6b2296"
        ],
        "cflags": [],
        "cppflags": [],
        "cxxflags": [],
        "fflags": [],
        "ldflags": [],
        "ldlibs": []
      },
      "patches": [
        "4e1d78cbbb85de625bad28705e748856033eaafab92a66dffd383a3d7e00cc94",
        "62fc8a8bf7665a60e8f4c93ebbd535647cebf74198f7afafec4c085a8825c006",
        "ff37630df599cfabf0740518b91ec8daaf18e8f288b19adaae5364dc1f6b2296"
      ],
      "dependencies": [
        {
          "name": "autoconf",
          "build_hash": "yygifrvmusvrp2z7s2oyunqpo3lhjbmb",
          "type": [
            "build"
          ]
        },
        {
          "name": "automake",
          "build_hash": "bww5n73umtxnofv6fm2ykc7orvkhmpwm",
          "type": [
            "build"
          ]
        },
        {
          "name": "libtool",
          "build_hash": "jl3buwmug3g2zw6hym5iayvv5m5u4ehi",
          "type": [
            "build"
          ]
        },
        {
          "name": "m4",
          "build_hash": "m6lvx5rad7lijsy6w44g26bwilqkbr3o",
          "type": [
            "build"
          ]
        }
      ],
      "hash": "updkdohckyzvigyu3ftuswa4e4pubbtv"
    },
    "yygifrvmusvrp2z7s2oyunqpo3lhjbmb": {
      "name": "autoconf",
      "version": "2.69",
      "arch": {
        "platform": "linux",
        "platform_os": "rhel7",
        "target": {
          "name": "sandybridge",
          "vendor": "GenuineIntel",
          "features": [
            "aes",
            "avx",
            "mmx",
            "pclmulqdq",
            "popcnt",
            "sse",
            "sse2",
            "sse4_1",
            "sse4_2",
            "ssse3"
          ],
          "generation": 0,
          "parents": [
            "westmere"
          ]
        }
      },
      "compiler": {
        "name": "gcc",
        "version": "4.8.5"
      },
      "namespace": "builtin",
      "parameters": {
        "patches": [
          "35c449281546376449766f92d49fc121ca50e330e60fefcfc9be2af3253082c2",
          "7793209b33013dc0f81208718c68440c5aae80e7a1c4b8d336e382525af791a7",
          "a49dd5bac3b62daa0ff688ab4d508d71dbd2f4f8d7e2a02321926346161bf3ee"
        ],
        "cflags": [],
        "cppflags": [],
        "cxxflags": [],
        "fflags": [],
        "ldflags": [],
        "ldlibs": []
      },
      "patches": [
        "7793209b33013dc0f81208718c68440c5aae80e7a1c4b8d336e382525af791a7",
        "35c449281546376449766f92d49fc121ca50e330e60fefcfc9be2af3253082c2",
        "a49dd5bac3b62daa0ff688ab4d508d71dbd2f4f8d7e2a02321926346161bf3ee"
      ],
      "dependencies": [
        {
          "name": "m4",
          "build_hash": "m6lvx5rad7lijsy6w44g26bwilqkbr3o",
          "type": [
            "build",
            "run"
          ]
        },
        {
          "name": "perl",
          "build_hash": "hrruzg27rz44p5mj7buoejo7vsdpgqeh",
          "type": [
            "build",
            "run"
          ]
        }
      ],
      "hash": "tkpew6wemkx5zj6jjs5lfuzit5sqavbn"
    },
    "bww5n73umtxnofv6fm2ykc7orvkhmpwm": {
      "name": "automake",
      "version": "1.16.5",
      "arch": {
        "platform": "linux",
        "platform_os": "rhel7",
        "target": {
          "name": "sandybridge",
          "vendor": "GenuineIntel",
          "features": [
            "aes",
            "avx",
            "mmx",
            "pclmulqdq",
            "popcnt",
            "sse",
            "sse2",
            "sse4_1",
            "sse4_2",
            "ssse3"
          ],
          "generation": 0,
          "parents": [
            "westmere"
          ]
        }
      },
      "compiler": {
        "name": "gcc",
        "version": "4.8.5"
      },
      "namespace": "builtin",
      "parameters": {
        "cflags": [],
        "cppflags": [],
        "cxxflags": [],
        "fflags": [],
        "ldflags": [],
        "ldlibs": []
      },
      "dependencies": [
        {
          "name": "autoconf",
          "build_hash": "yygifrvmusvrp2z7s2oyunqpo3lhjbmb",
          "type": [
            "build"
          ]
        },
        {
          "name": "perl",
          "build_hash": "hrruzg27rz44p5mj7buoejo7vsdpgqeh",
          "type": [
            "build",
            "run"
          ]
        }
      ],
      "hash": "7t5qdb27upi7zrlo7qscyomtlro6w2jw"
    },
    "qhroxqxxsq5jwre6il55ronvrdsmldya": {
      "name": "openssh",
      "version": "8.9p1",
      "arch": {
        "platform": "linux",
        "platform_os": "rhel7",
        "target": {
          "name": "sandybridge",
          "vendor": "GenuineIntel",
          "features": [
            "aes",
            "avx",
            "mmx",
            "pclmulqdq",
            "popcnt",
            "sse",
            "sse2",
            "sse4_1",
            "sse4_2",
            "ssse3"
          ],
          "generation": 0,
          "parents": [
            "westmere"
          ]
        }
      },
      "compiler": {
        "name": "gcc",
        "version": "4.8.5"
      },
      "namespace": "builtin",
      "parameters": {
        "cflags": [],
        "cppflags": [],
        "cxxflags": [],
        "fflags": [],
        "ldflags": [],
        "ldlibs": []
      },
      "dependencies": [
        {
          "name": "libedit",
          "build_hash": "qsy33iceibhq5lxhdr4czofq5kef6fya",
          "type": [
            "build",
            "link"
          ]
        },
        {
          "name": "ncurses",
          "build_hash": "6dre2izxjhw72sr4b5g5azmnqeduc4rg",
          "type": [
            "build",
            "link"
          ]
        },
        {
          "name": "openssl",
          "build_hash": "bsgtjtziiovme5jdm73j7kg2lr5t25h2",
          "type": [
            "build",
            "link"
          ]
        },
        {
          "name": "zlib",
          "build_hash": "msuii4kp4e46g7lh5dr74czppjsvk2re",
          "type": [
            "build",
            "link"
          ]
        }
      ],
      "hash": "ctlfrf6ush2oak3eeuquegrgxytyzone"
    },
    "qsy33iceibhq5lxhdr4czofq5kef6fya": {
      "name": "libedit",
      "version": "3.1-20210216",
      "arch": {
        "platform": "linux",
        "platform_os": "rhel7",
        "target": {
          "name": "sandybridge",
          "vendor": "GenuineIntel",
          "features": [
            "aes",
            "avx",
            "mmx",
            "pclmulqdq",
            "popcnt",
            "sse",
            "sse2",
            "sse4_1",
            "sse4_2",
            "ssse3"
          ],
          "generation": 0,
          "parents": [
            "westmere"
          ]
        }
      },
      "compiler": {
        "name": "gcc",
        "version": "4.8.5"
      },
      "namespace": "builtin",
      "parameters": {
        "cflags": [],
        "cppflags": [],
        "cxxflags": [],
        "fflags": [],
        "ldflags": [],
        "ldlibs": []
      },
      "dependencies": [
        {
          "name": "ncurses",
          "build_hash": "6dre2izxjhw72sr4b5g5azmnqeduc4rg",
          "type": [
            "build",
            "link"
          ]
        },
        {
          "name": "pkgconf",
          "build_hash": "7kmkypfjqaorpzuf2p2mivjuebg6hyij",
          "type": [
            "build"
          ]
        }
      ],
      "hash": "xn5ikdnovwhffkaovnm6abrrxjjzgmgh"
    }
  }
}